
Microsoft Visual Studio Solution File, Format Version 12.00
# Visual Studio Version 17
VisualStudioVersion = 17.0.31903.59
MinimumVisualStudioVersion = 10.0.40219.1
Project("{9A19103F-16F7-4668-BE54-9A1E7A4F7556}") = "Meridian", "src\Meridian\Meridian.csproj", "{A1111111-B222-C333-D444-E55555555555}"
EndProject
Project("{9A19103F-16F7-4668-BE54-9A1E7A4F7556}") = "Meridian.Backtesting.Sdk", "src\Meridian.Backtesting.Sdk\Meridian.Backtesting.Sdk.csproj", "{BA000001-BB11-BC22-BD33-BE4444444444}"
EndProject
Project("{9A19103F-16F7-4668-BE54-9A1E7A4F7556}") = "Meridian.Ledger", "src\Meridian.Ledger\Meridian.Ledger.csproj", "{6E11A3E2-828A-1579-9EAA-DEDFB7B3B494}"
EndProject
Project("{9A19103F-16F7-4668-BE54-9A1E7A4F7556}") = "Meridian.Backtesting", "src\Meridian.Backtesting\Meridian.Backtesting.csproj", "{BA000002-BB11-BC22-BD33-BE4444444444}"
EndProject
Project("{9A19103F-16F7-4668-BE54-9A1E7A4F7556}") = "Meridian.Backtesting.Tests", "tests\Meridian.Backtesting.Tests\Meridian.Backtesting.Tests.csproj", "{BA000003-BB11-BC22-BD33-BE4444444444}"
EndProject
Project("{9A19103F-16F7-4668-BE54-9A1E7A4F7556}") = "Meridian.ProviderSdk", "src\Meridian.ProviderSdk\Meridian.ProviderSdk.csproj", "{2B8677F1-6BE8-4CEB-88BC-0D2C2A45B37D}"
EndProject
Project("{9A19103F-16F7-4668-BE54-9A1E7A4F7556}") = "Meridian.Ui", "src\Meridian.Ui\Meridian.Ui.csproj", "{7756DAD5-0AAF-45D9-A300-F28239C23078}"
EndProject
Project("{9A19103F-16F7-4668-BE54-9A1E7A4F7556}") = "Meridian.Wpf", "src\Meridian.Wpf\Meridian.Wpf.csproj", "{6F8D3A55-3E95-4F9D-9C8F-DBA9A6230B1E}"
EndProject
Project("{9A19103F-16F7-4668-BE54-9A1E7A4F7556}") = "Meridian.Contracts", "src\Meridian.Contracts\Meridian.Contracts.csproj", "{F1111111-A222-B333-C444-D55555555555}"
EndProject
Project("{9A19103F-16F7-4668-BE54-9A1E7A4F7556}") = "Meridian.Ui.Shared", "src\Meridian.Ui.Shared\Meridian.Ui.Shared.csproj", "{843AA6E4-59F4-8335-168A-461567ADAB08}"
EndProject
Project("{9A19103F-16F7-4668-BE54-9A1E7A4F7556}") = "Meridian.Ui.Services", "src\Meridian.Ui.Services\Meridian.Ui.Services.csproj", "{A7B8C9D0-E1F2-3456-7890-ABCDEF012345}"
EndProject
Project("{9A19103F-16F7-4668-BE54-9A1E7A4F7556}") = "Meridian.Tests", "tests\Meridian.Tests\Meridian.Tests.csproj", "{B3333333-C444-D555-E666-F77777777777}"
EndProject
Project("{9A19103F-16F7-4668-BE54-9A1E7A4F7556}") = "Meridian.Benchmarks", "benchmarks\Meridian.Benchmarks\Meridian.Benchmarks.csproj", "{C4444444-D555-E666-F777-888888888888}"
EndProject
Project("{F2A71F9B-5D33-465A-A702-920D77279786}") = "Meridian.FSharp", "src\Meridian.FSharp\Meridian.FSharp.fsproj", "{F5555555-A666-B777-C888-D99999999999}"
EndProject
Project("{F2A71F9B-5D33-465A-A702-920D77279786}") = "Meridian.FSharp.Tests", "tests\Meridian.FSharp.Tests\Meridian.FSharp.Tests.fsproj", "{F6666666-A777-B888-C999-DAAAAAAAAA00}"
EndProject
Project("{9A19103F-16F7-4668-BE54-9A1E7A4F7556}") = "Meridian.Domain", "src\Meridian.Domain\Meridian.Domain.csproj", "{DA111111-DB22-DC33-DD44-DE5555555555}"
EndProject
Project("{9A19103F-16F7-4668-BE54-9A1E7A4F7556}") = "Meridian.Core", "src\Meridian.Core\Meridian.Core.csproj", "{CA111111-CB22-CC33-CD44-CE5555555555}"
EndProject
Project("{9A19103F-16F7-4668-BE54-9A1E7A4F7556}") = "Meridian.Application", "src\Meridian.Application\Meridian.Application.csproj", "{AA111111-AB22-AC33-AD44-AE5555555555}"
EndProject
Project("{9A19103F-16F7-4668-BE54-9A1E7A4F7556}") = "Meridian.Infrastructure", "src\Meridian.Infrastructure\Meridian.Infrastructure.csproj", "{B2E7153C-F31D-F3C1-7540-3AE79C47374A}"
EndProject
Project("{9A19103F-16F7-4668-BE54-9A1E7A4F7556}") = "Meridian.Storage", "src\Meridian.Storage\Meridian.Storage.csproj", "{3FC96C2E-E6D2-7343-B152-8519AF39DC63}"
EndProject
Project("{9A19103F-16F7-4668-BE54-9A1E7A4F7556}") = "Meridian.Mcp", "src\Meridian.Mcp\Meridian.Mcp.csproj", "{EC111111-EC22-EC33-EC44-EC5555555555}"
EndProject
Project("{2150E333-8FDC-42A3-9474-1A3956D46DE8}") = "src", "src", "{E1111111-F222-0333-1444-255555555555}"
EndProject
Project("{2150E333-8FDC-42A3-9474-1A3956D46DE8}") = "tests", "tests", "{E2222222-F333-0444-1555-266666666666}"
EndProject
Project("{2150E333-8FDC-42A3-9474-1A3956D46DE8}") = "benchmarks", "benchmarks", "{E3333333-F444-0555-1666-277777777777}"
EndProject
Project("{FAE04EC0-301F-11D3-BF4B-00C04F79EFBC}") = "Meridian.Ui.Tests", "tests\Meridian.Ui.Tests\Meridian.Ui.Tests.csproj", "{C85DD199-D235-4A56-B843-4D4E4FB95C25}"
EndProject
Project("{FAE04EC0-301F-11D3-BF4B-00C04F79EFBC}") = "Meridian.Wpf.Tests", "tests\Meridian.Wpf.Tests\Meridian.Wpf.Tests.csproj", "{13932014-2EB9-436E-B633-DB5FB00750A6}"
EndProject
Project("{9A19103F-16F7-4668-BE54-9A1E7A4F7556}") = "Meridian.McpServer", "src\Meridian.McpServer\Meridian.McpServer.csproj", "{5EDBD30D-7361-73AB-7C7C-9C51CF0DD048}"
EndProject
Project("{9A19103F-16F7-4668-BE54-9A1E7A4F7556}") = "Meridian.McpServer.Tests", "tests\Meridian.McpServer.Tests\Meridian.McpServer.Tests.csproj", "{BCBD7101-A7BF-D5F9-D684-8B5776D892F1}"
EndProject
Project("{9A19103F-16F7-4668-BE54-9A1E7A4F7556}") = "Meridian.Execution.Sdk", "src\Meridian.Execution.Sdk\Meridian.Execution.Sdk.csproj", "{6380F33E-DE85-9E9E-B6E1-22EB421D81A8}"
EndProject
Project("{9A19103F-16F7-4668-BE54-9A1E7A4F7556}") = "Meridian.Execution", "src\Meridian.Execution\Meridian.Execution.csproj", "{EB67C7C7-0974-5F96-08C9-1794F36F1D71}"
EndProject
Project("{9A19103F-16F7-4668-BE54-9A1E7A4F7556}") = "Meridian.Risk", "src\Meridian.Risk\Meridian.Risk.csproj", "{2CE1FE51-5717-27BA-6C2B-FB1C60F73EEA}"
EndProject
Project("{9A19103F-16F7-4668-BE54-9A1E7A4F7556}") = "Meridian.Strategies", "src\Meridian.Strategies\Meridian.Strategies.csproj", "{18EE7FF0-79B8-696C-045F-A565DE83E170}"
EndProject
Project("{F2A71F9B-5D33-465A-A702-920D77279786}") = "Meridian.FSharp.Trading", "src\Meridian.FSharp.Trading\Meridian.FSharp.Trading.fsproj", "{E766C057-B114-4591-B47D-B123735B76D1}"
EndProject
Project("{F2A71F9B-5D33-465A-A702-920D77279786}") = "Meridian.FSharp.Ledger", "src\Meridian.FSharp.Ledger\Meridian.FSharp.Ledger.fsproj", "{9480ED43-61B5-48BA-98D2-4F7DEC6FB791}"
EndProject
Project("{FAE04EC0-301F-11D3-BF4B-00C04F79EFBC}") = "Meridian.Infrastructure.CppTrader", "src\Meridian.Infrastructure.CppTrader\Meridian.Infrastructure.CppTrader.csproj", "{13845520-6903-462C-AEBC-E88F93FEB122}"
EndProject
Global
	GlobalSection(SolutionConfigurationPlatforms) = preSolution
		Debug|Any CPU = Debug|Any CPU
		Debug|x64 = Debug|x64
		Debug|x86 = Debug|x86
		Release|Any CPU = Release|Any CPU
		Release|x64 = Release|x64
		Release|x86 = Release|x86
	EndGlobalSection
	GlobalSection(ProjectConfigurationPlatforms) = postSolution
		{A1111111-B222-C333-D444-E55555555555}.Debug|Any CPU.ActiveCfg = Debug|Any CPU
		{A1111111-B222-C333-D444-E55555555555}.Debug|Any CPU.Build.0 = Debug|Any CPU
		{A1111111-B222-C333-D444-E55555555555}.Debug|x64.ActiveCfg = Debug|Any CPU
		{A1111111-B222-C333-D444-E55555555555}.Debug|x64.Build.0 = Debug|Any CPU
		{A1111111-B222-C333-D444-E55555555555}.Debug|x86.ActiveCfg = Debug|Any CPU
		{A1111111-B222-C333-D444-E55555555555}.Debug|x86.Build.0 = Debug|Any CPU
		{A1111111-B222-C333-D444-E55555555555}.Release|Any CPU.ActiveCfg = Release|Any CPU
		{A1111111-B222-C333-D444-E55555555555}.Release|Any CPU.Build.0 = Release|Any CPU
		{A1111111-B222-C333-D444-E55555555555}.Release|x64.ActiveCfg = Release|Any CPU
		{A1111111-B222-C333-D444-E55555555555}.Release|x64.Build.0 = Release|Any CPU
		{A1111111-B222-C333-D444-E55555555555}.Release|x86.ActiveCfg = Release|Any CPU
		{A1111111-B222-C333-D444-E55555555555}.Release|x86.Build.0 = Release|Any CPU
		{BA000001-BB11-BC22-BD33-BE4444444444}.Debug|Any CPU.ActiveCfg = Debug|Any CPU
		{BA000001-BB11-BC22-BD33-BE4444444444}.Debug|Any CPU.Build.0 = Debug|Any CPU
		{BA000001-BB11-BC22-BD33-BE4444444444}.Release|Any CPU.ActiveCfg = Release|Any CPU
		{BA000001-BB11-BC22-BD33-BE4444444444}.Release|Any CPU.Build.0 = Release|Any CPU
		{BA000002-BB11-BC22-BD33-BE4444444444}.Debug|Any CPU.ActiveCfg = Debug|Any CPU
		{BA000002-BB11-BC22-BD33-BE4444444444}.Debug|Any CPU.Build.0 = Debug|Any CPU
		{BA000002-BB11-BC22-BD33-BE4444444444}.Release|Any CPU.ActiveCfg = Release|Any CPU
		{BA000002-BB11-BC22-BD33-BE4444444444}.Release|Any CPU.Build.0 = Release|Any CPU
		{BA000003-BB11-BC22-BD33-BE4444444444}.Debug|Any CPU.ActiveCfg = Debug|Any CPU
		{BA000003-BB11-BC22-BD33-BE4444444444}.Debug|Any CPU.Build.0 = Debug|Any CPU
		{BA000003-BB11-BC22-BD33-BE4444444444}.Release|Any CPU.ActiveCfg = Release|Any CPU
		{BA000003-BB11-BC22-BD33-BE4444444444}.Release|Any CPU.Build.0 = Release|Any CPU
		{2B8677F1-6BE8-4CEB-88BC-0D2C2A45B37D}.Debug|Any CPU.ActiveCfg = Debug|Any CPU
		{2B8677F1-6BE8-4CEB-88BC-0D2C2A45B37D}.Debug|Any CPU.Build.0 = Debug|Any CPU
		{2B8677F1-6BE8-4CEB-88BC-0D2C2A45B37D}.Debug|x64.ActiveCfg = Debug|Any CPU
		{2B8677F1-6BE8-4CEB-88BC-0D2C2A45B37D}.Debug|x64.Build.0 = Debug|Any CPU
		{2B8677F1-6BE8-4CEB-88BC-0D2C2A45B37D}.Debug|x86.ActiveCfg = Debug|Any CPU
		{2B8677F1-6BE8-4CEB-88BC-0D2C2A45B37D}.Debug|x86.Build.0 = Debug|Any CPU
		{2B8677F1-6BE8-4CEB-88BC-0D2C2A45B37D}.Release|Any CPU.ActiveCfg = Release|Any CPU
		{2B8677F1-6BE8-4CEB-88BC-0D2C2A45B37D}.Release|Any CPU.Build.0 = Release|Any CPU
		{2B8677F1-6BE8-4CEB-88BC-0D2C2A45B37D}.Release|x64.ActiveCfg = Release|Any CPU
		{2B8677F1-6BE8-4CEB-88BC-0D2C2A45B37D}.Release|x64.Build.0 = Release|Any CPU
		{2B8677F1-6BE8-4CEB-88BC-0D2C2A45B37D}.Release|x86.ActiveCfg = Release|Any CPU
		{2B8677F1-6BE8-4CEB-88BC-0D2C2A45B37D}.Release|x86.Build.0 = Release|Any CPU
		{7756DAD5-0AAF-45D9-A300-F28239C23078}.Debug|Any CPU.ActiveCfg = Debug|Any CPU
		{7756DAD5-0AAF-45D9-A300-F28239C23078}.Debug|Any CPU.Build.0 = Debug|Any CPU
		{7756DAD5-0AAF-45D9-A300-F28239C23078}.Debug|x64.ActiveCfg = Debug|Any CPU
		{7756DAD5-0AAF-45D9-A300-F28239C23078}.Debug|x64.Build.0 = Debug|Any CPU
		{7756DAD5-0AAF-45D9-A300-F28239C23078}.Debug|x86.ActiveCfg = Debug|Any CPU
		{7756DAD5-0AAF-45D9-A300-F28239C23078}.Debug|x86.Build.0 = Debug|Any CPU
		{7756DAD5-0AAF-45D9-A300-F28239C23078}.Release|Any CPU.ActiveCfg = Release|Any CPU
		{7756DAD5-0AAF-45D9-A300-F28239C23078}.Release|Any CPU.Build.0 = Release|Any CPU
		{7756DAD5-0AAF-45D9-A300-F28239C23078}.Release|x64.ActiveCfg = Release|Any CPU
		{7756DAD5-0AAF-45D9-A300-F28239C23078}.Release|x64.Build.0 = Release|Any CPU
		{7756DAD5-0AAF-45D9-A300-F28239C23078}.Release|x86.ActiveCfg = Release|Any CPU
		{7756DAD5-0AAF-45D9-A300-F28239C23078}.Release|x86.Build.0 = Release|Any CPU
		{6F8D3A55-3E95-4F9D-9C8F-DBA9A6230B1E}.Debug|Any CPU.ActiveCfg = Debug|Any CPU
		{6F8D3A55-3E95-4F9D-9C8F-DBA9A6230B1E}.Debug|Any CPU.Build.0 = Debug|Any CPU
		{6F8D3A55-3E95-4F9D-9C8F-DBA9A6230B1E}.Debug|x64.ActiveCfg = Debug|Any CPU
		{6F8D3A55-3E95-4F9D-9C8F-DBA9A6230B1E}.Debug|x64.Build.0 = Debug|Any CPU
		{6F8D3A55-3E95-4F9D-9C8F-DBA9A6230B1E}.Debug|x86.ActiveCfg = Debug|Any CPU
		{6F8D3A55-3E95-4F9D-9C8F-DBA9A6230B1E}.Debug|x86.Build.0 = Debug|Any CPU
		{6F8D3A55-3E95-4F9D-9C8F-DBA9A6230B1E}.Release|Any CPU.ActiveCfg = Release|Any CPU
		{6F8D3A55-3E95-4F9D-9C8F-DBA9A6230B1E}.Release|Any CPU.Build.0 = Release|Any CPU
		{6F8D3A55-3E95-4F9D-9C8F-DBA9A6230B1E}.Release|x64.ActiveCfg = Release|Any CPU
		{6F8D3A55-3E95-4F9D-9C8F-DBA9A6230B1E}.Release|x64.Build.0 = Release|Any CPU
		{6F8D3A55-3E95-4F9D-9C8F-DBA9A6230B1E}.Release|x86.ActiveCfg = Release|Any CPU
		{6F8D3A55-3E95-4F9D-9C8F-DBA9A6230B1E}.Release|x86.Build.0 = Release|Any CPU
		{F1111111-A222-B333-C444-D55555555555}.Debug|Any CPU.ActiveCfg = Debug|Any CPU
		{F1111111-A222-B333-C444-D55555555555}.Debug|Any CPU.Build.0 = Debug|Any CPU
		{F1111111-A222-B333-C444-D55555555555}.Debug|x64.ActiveCfg = Debug|Any CPU
		{F1111111-A222-B333-C444-D55555555555}.Debug|x64.Build.0 = Debug|Any CPU
		{F1111111-A222-B333-C444-D55555555555}.Debug|x86.ActiveCfg = Debug|Any CPU
		{F1111111-A222-B333-C444-D55555555555}.Debug|x86.Build.0 = Debug|Any CPU
		{F1111111-A222-B333-C444-D55555555555}.Release|Any CPU.ActiveCfg = Release|Any CPU
		{F1111111-A222-B333-C444-D55555555555}.Release|Any CPU.Build.0 = Release|Any CPU
		{F1111111-A222-B333-C444-D55555555555}.Release|x64.ActiveCfg = Release|Any CPU
		{F1111111-A222-B333-C444-D55555555555}.Release|x64.Build.0 = Release|Any CPU
		{F1111111-A222-B333-C444-D55555555555}.Release|x86.ActiveCfg = Release|Any CPU
		{F1111111-A222-B333-C444-D55555555555}.Release|x86.Build.0 = Release|Any CPU
		{843AA6E4-59F4-8335-168A-461567ADAB08}.Debug|Any CPU.ActiveCfg = Debug|Any CPU
		{843AA6E4-59F4-8335-168A-461567ADAB08}.Debug|Any CPU.Build.0 = Debug|Any CPU
		{843AA6E4-59F4-8335-168A-461567ADAB08}.Debug|x64.ActiveCfg = Debug|Any CPU
		{843AA6E4-59F4-8335-168A-461567ADAB08}.Debug|x64.Build.0 = Debug|Any CPU
		{843AA6E4-59F4-8335-168A-461567ADAB08}.Debug|x86.ActiveCfg = Debug|Any CPU
		{843AA6E4-59F4-8335-168A-461567ADAB08}.Debug|x86.Build.0 = Debug|Any CPU
		{843AA6E4-59F4-8335-168A-461567ADAB08}.Release|Any CPU.ActiveCfg = Release|Any CPU
		{843AA6E4-59F4-8335-168A-461567ADAB08}.Release|Any CPU.Build.0 = Release|Any CPU
		{843AA6E4-59F4-8335-168A-461567ADAB08}.Release|x64.ActiveCfg = Release|Any CPU
		{843AA6E4-59F4-8335-168A-461567ADAB08}.Release|x64.Build.0 = Release|Any CPU
		{843AA6E4-59F4-8335-168A-461567ADAB08}.Release|x86.ActiveCfg = Release|Any CPU
		{843AA6E4-59F4-8335-168A-461567ADAB08}.Release|x86.Build.0 = Release|Any CPU
		{A7B8C9D0-E1F2-3456-7890-ABCDEF012345}.Debug|Any CPU.ActiveCfg = Debug|Any CPU
		{A7B8C9D0-E1F2-3456-7890-ABCDEF012345}.Debug|Any CPU.Build.0 = Debug|Any CPU
		{A7B8C9D0-E1F2-3456-7890-ABCDEF012345}.Debug|x64.ActiveCfg = Debug|Any CPU
		{A7B8C9D0-E1F2-3456-7890-ABCDEF012345}.Debug|x64.Build.0 = Debug|Any CPU
		{A7B8C9D0-E1F2-3456-7890-ABCDEF012345}.Debug|x86.ActiveCfg = Debug|Any CPU
		{A7B8C9D0-E1F2-3456-7890-ABCDEF012345}.Debug|x86.Build.0 = Debug|Any CPU
		{A7B8C9D0-E1F2-3456-7890-ABCDEF012345}.Release|Any CPU.ActiveCfg = Release|Any CPU
		{A7B8C9D0-E1F2-3456-7890-ABCDEF012345}.Release|Any CPU.Build.0 = Release|Any CPU
		{A7B8C9D0-E1F2-3456-7890-ABCDEF012345}.Release|x64.ActiveCfg = Release|Any CPU
		{A7B8C9D0-E1F2-3456-7890-ABCDEF012345}.Release|x64.Build.0 = Release|Any CPU
		{A7B8C9D0-E1F2-3456-7890-ABCDEF012345}.Release|x86.ActiveCfg = Release|Any CPU
		{A7B8C9D0-E1F2-3456-7890-ABCDEF012345}.Release|x86.Build.0 = Release|Any CPU
		{B3333333-C444-D555-E666-F77777777777}.Debug|Any CPU.ActiveCfg = Debug|Any CPU
		{B3333333-C444-D555-E666-F77777777777}.Debug|Any CPU.Build.0 = Debug|Any CPU
		{B3333333-C444-D555-E666-F77777777777}.Debug|x64.ActiveCfg = Debug|Any CPU
		{B3333333-C444-D555-E666-F77777777777}.Debug|x64.Build.0 = Debug|Any CPU
		{B3333333-C444-D555-E666-F77777777777}.Debug|x86.ActiveCfg = Debug|Any CPU
		{B3333333-C444-D555-E666-F77777777777}.Debug|x86.Build.0 = Debug|Any CPU
		{B3333333-C444-D555-E666-F77777777777}.Release|Any CPU.ActiveCfg = Release|Any CPU
		{B3333333-C444-D555-E666-F77777777777}.Release|Any CPU.Build.0 = Release|Any CPU
		{B3333333-C444-D555-E666-F77777777777}.Release|x64.ActiveCfg = Release|Any CPU
		{B3333333-C444-D555-E666-F77777777777}.Release|x64.Build.0 = Release|Any CPU
		{B3333333-C444-D555-E666-F77777777777}.Release|x86.ActiveCfg = Release|Any CPU
		{B3333333-C444-D555-E666-F77777777777}.Release|x86.Build.0 = Release|Any CPU
		{C4444444-D555-E666-F777-888888888888}.Debug|Any CPU.ActiveCfg = Debug|Any CPU
		{C4444444-D555-E666-F777-888888888888}.Debug|Any CPU.Build.0 = Debug|Any CPU
		{C4444444-D555-E666-F777-888888888888}.Debug|x64.ActiveCfg = Debug|Any CPU
		{C4444444-D555-E666-F777-888888888888}.Debug|x64.Build.0 = Debug|Any CPU
		{C4444444-D555-E666-F777-888888888888}.Debug|x86.ActiveCfg = Debug|Any CPU
		{C4444444-D555-E666-F777-888888888888}.Debug|x86.Build.0 = Debug|Any CPU
		{C4444444-D555-E666-F777-888888888888}.Release|Any CPU.ActiveCfg = Release|Any CPU
		{C4444444-D555-E666-F777-888888888888}.Release|Any CPU.Build.0 = Release|Any CPU
		{C4444444-D555-E666-F777-888888888888}.Release|x64.ActiveCfg = Release|Any CPU
		{C4444444-D555-E666-F777-888888888888}.Release|x64.Build.0 = Release|Any CPU
		{C4444444-D555-E666-F777-888888888888}.Release|x86.ActiveCfg = Release|Any CPU
		{C4444444-D555-E666-F777-888888888888}.Release|x86.Build.0 = Release|Any CPU
		{F5555555-A666-B777-C888-D99999999999}.Debug|Any CPU.ActiveCfg = Debug|Any CPU
		{F5555555-A666-B777-C888-D99999999999}.Debug|Any CPU.Build.0 = Debug|Any CPU
		{F5555555-A666-B777-C888-D99999999999}.Debug|x64.ActiveCfg = Debug|Any CPU
		{F5555555-A666-B777-C888-D99999999999}.Debug|x64.Build.0 = Debug|Any CPU
		{F5555555-A666-B777-C888-D99999999999}.Debug|x86.ActiveCfg = Debug|Any CPU
		{F5555555-A666-B777-C888-D99999999999}.Debug|x86.Build.0 = Debug|Any CPU
		{F5555555-A666-B777-C888-D99999999999}.Release|Any CPU.ActiveCfg = Release|Any CPU
		{F5555555-A666-B777-C888-D99999999999}.Release|Any CPU.Build.0 = Release|Any CPU
		{F5555555-A666-B777-C888-D99999999999}.Release|x64.ActiveCfg = Release|Any CPU
		{F5555555-A666-B777-C888-D99999999999}.Release|x64.Build.0 = Release|Any CPU
		{F5555555-A666-B777-C888-D99999999999}.Release|x86.ActiveCfg = Release|Any CPU
		{F5555555-A666-B777-C888-D99999999999}.Release|x86.Build.0 = Release|Any CPU
		{F6666666-A777-B888-C999-DAAAAAAAAA00}.Debug|Any CPU.ActiveCfg = Debug|Any CPU
		{F6666666-A777-B888-C999-DAAAAAAAAA00}.Debug|Any CPU.Build.0 = Debug|Any CPU
		{F6666666-A777-B888-C999-DAAAAAAAAA00}.Debug|x64.ActiveCfg = Debug|Any CPU
		{F6666666-A777-B888-C999-DAAAAAAAAA00}.Debug|x64.Build.0 = Debug|Any CPU
		{F6666666-A777-B888-C999-DAAAAAAAAA00}.Debug|x86.ActiveCfg = Debug|Any CPU
		{F6666666-A777-B888-C999-DAAAAAAAAA00}.Debug|x86.Build.0 = Debug|Any CPU
		{F6666666-A777-B888-C999-DAAAAAAAAA00}.Release|Any CPU.ActiveCfg = Release|Any CPU
		{F6666666-A777-B888-C999-DAAAAAAAAA00}.Release|Any CPU.Build.0 = Release|Any CPU
		{F6666666-A777-B888-C999-DAAAAAAAAA00}.Release|x64.ActiveCfg = Release|Any CPU
		{F6666666-A777-B888-C999-DAAAAAAAAA00}.Release|x64.Build.0 = Release|Any CPU
		{F6666666-A777-B888-C999-DAAAAAAAAA00}.Release|x86.ActiveCfg = Release|Any CPU
		{F6666666-A777-B888-C999-DAAAAAAAAA00}.Release|x86.Build.0 = Release|Any CPU
		{DA111111-DB22-DC33-DD44-DE5555555555}.Debug|Any CPU.ActiveCfg = Debug|Any CPU
		{DA111111-DB22-DC33-DD44-DE5555555555}.Debug|Any CPU.Build.0 = Debug|Any CPU
		{DA111111-DB22-DC33-DD44-DE5555555555}.Debug|x64.ActiveCfg = Debug|Any CPU
		{DA111111-DB22-DC33-DD44-DE5555555555}.Debug|x64.Build.0 = Debug|Any CPU
		{DA111111-DB22-DC33-DD44-DE5555555555}.Debug|x86.ActiveCfg = Debug|Any CPU
		{DA111111-DB22-DC33-DD44-DE5555555555}.Debug|x86.Build.0 = Debug|Any CPU
		{DA111111-DB22-DC33-DD44-DE5555555555}.Release|Any CPU.ActiveCfg = Release|Any CPU
		{DA111111-DB22-DC33-DD44-DE5555555555}.Release|Any CPU.Build.0 = Release|Any CPU
		{DA111111-DB22-DC33-DD44-DE5555555555}.Release|x64.ActiveCfg = Release|Any CPU
		{DA111111-DB22-DC33-DD44-DE5555555555}.Release|x64.Build.0 = Release|Any CPU
		{DA111111-DB22-DC33-DD44-DE5555555555}.Release|x86.ActiveCfg = Release|Any CPU
		{DA111111-DB22-DC33-DD44-DE5555555555}.Release|x86.Build.0 = Release|Any CPU
		{CA111111-CB22-CC33-CD44-CE5555555555}.Debug|Any CPU.ActiveCfg = Debug|Any CPU
		{CA111111-CB22-CC33-CD44-CE5555555555}.Debug|Any CPU.Build.0 = Debug|Any CPU
		{CA111111-CB22-CC33-CD44-CE5555555555}.Debug|x64.ActiveCfg = Debug|Any CPU
		{CA111111-CB22-CC33-CD44-CE5555555555}.Debug|x64.Build.0 = Debug|Any CPU
		{CA111111-CB22-CC33-CD44-CE5555555555}.Debug|x86.ActiveCfg = Debug|Any CPU
		{CA111111-CB22-CC33-CD44-CE5555555555}.Debug|x86.Build.0 = Debug|Any CPU
		{CA111111-CB22-CC33-CD44-CE5555555555}.Release|Any CPU.ActiveCfg = Release|Any CPU
		{CA111111-CB22-CC33-CD44-CE5555555555}.Release|Any CPU.Build.0 = Release|Any CPU
		{CA111111-CB22-CC33-CD44-CE5555555555}.Release|x64.ActiveCfg = Release|Any CPU
		{CA111111-CB22-CC33-CD44-CE5555555555}.Release|x64.Build.0 = Release|Any CPU
		{CA111111-CB22-CC33-CD44-CE5555555555}.Release|x86.ActiveCfg = Release|Any CPU
		{CA111111-CB22-CC33-CD44-CE5555555555}.Release|x86.Build.0 = Release|Any CPU
		{AA111111-AB22-AC33-AD44-AE5555555555}.Debug|Any CPU.ActiveCfg = Debug|Any CPU
		{AA111111-AB22-AC33-AD44-AE5555555555}.Debug|Any CPU.Build.0 = Debug|Any CPU
		{AA111111-AB22-AC33-AD44-AE5555555555}.Debug|x64.ActiveCfg = Debug|Any CPU
		{AA111111-AB22-AC33-AD44-AE5555555555}.Debug|x64.Build.0 = Debug|Any CPU
		{AA111111-AB22-AC33-AD44-AE5555555555}.Debug|x86.ActiveCfg = Debug|Any CPU
		{AA111111-AB22-AC33-AD44-AE5555555555}.Debug|x86.Build.0 = Debug|Any CPU
		{AA111111-AB22-AC33-AD44-AE5555555555}.Release|Any CPU.ActiveCfg = Release|Any CPU
		{AA111111-AB22-AC33-AD44-AE5555555555}.Release|Any CPU.Build.0 = Release|Any CPU
		{AA111111-AB22-AC33-AD44-AE5555555555}.Release|x64.ActiveCfg = Release|Any CPU
		{AA111111-AB22-AC33-AD44-AE5555555555}.Release|x64.Build.0 = Release|Any CPU
		{AA111111-AB22-AC33-AD44-AE5555555555}.Release|x86.ActiveCfg = Release|Any CPU
		{AA111111-AB22-AC33-AD44-AE5555555555}.Release|x86.Build.0 = Release|Any CPU
		{B2E7153C-F31D-F3C1-7540-3AE79C47374A}.Debug|Any CPU.ActiveCfg = Debug|Any CPU
		{B2E7153C-F31D-F3C1-7540-3AE79C47374A}.Debug|Any CPU.Build.0 = Debug|Any CPU
		{B2E7153C-F31D-F3C1-7540-3AE79C47374A}.Debug|x64.ActiveCfg = Debug|Any CPU
		{B2E7153C-F31D-F3C1-7540-3AE79C47374A}.Debug|x64.Build.0 = Debug|Any CPU
		{B2E7153C-F31D-F3C1-7540-3AE79C47374A}.Debug|x86.ActiveCfg = Debug|Any CPU
		{B2E7153C-F31D-F3C1-7540-3AE79C47374A}.Debug|x86.Build.0 = Debug|Any CPU
		{B2E7153C-F31D-F3C1-7540-3AE79C47374A}.Release|Any CPU.ActiveCfg = Release|Any CPU
		{B2E7153C-F31D-F3C1-7540-3AE79C47374A}.Release|Any CPU.Build.0 = Release|Any CPU
		{B2E7153C-F31D-F3C1-7540-3AE79C47374A}.Release|x64.ActiveCfg = Release|Any CPU
		{B2E7153C-F31D-F3C1-7540-3AE79C47374A}.Release|x64.Build.0 = Release|Any CPU
		{B2E7153C-F31D-F3C1-7540-3AE79C47374A}.Release|x86.ActiveCfg = Release|Any CPU
		{B2E7153C-F31D-F3C1-7540-3AE79C47374A}.Release|x86.Build.0 = Release|Any CPU
		{3FC96C2E-E6D2-7343-B152-8519AF39DC63}.Debug|Any CPU.ActiveCfg = Debug|Any CPU
		{3FC96C2E-E6D2-7343-B152-8519AF39DC63}.Debug|Any CPU.Build.0 = Debug|Any CPU
		{3FC96C2E-E6D2-7343-B152-8519AF39DC63}.Debug|x64.ActiveCfg = Debug|Any CPU
		{3FC96C2E-E6D2-7343-B152-8519AF39DC63}.Debug|x64.Build.0 = Debug|Any CPU
		{3FC96C2E-E6D2-7343-B152-8519AF39DC63}.Debug|x86.ActiveCfg = Debug|Any CPU
		{3FC96C2E-E6D2-7343-B152-8519AF39DC63}.Debug|x86.Build.0 = Debug|Any CPU
		{3FC96C2E-E6D2-7343-B152-8519AF39DC63}.Release|Any CPU.ActiveCfg = Release|Any CPU
		{3FC96C2E-E6D2-7343-B152-8519AF39DC63}.Release|Any CPU.Build.0 = Release|Any CPU
		{3FC96C2E-E6D2-7343-B152-8519AF39DC63}.Release|x64.ActiveCfg = Release|Any CPU
		{3FC96C2E-E6D2-7343-B152-8519AF39DC63}.Release|x64.Build.0 = Release|Any CPU
		{3FC96C2E-E6D2-7343-B152-8519AF39DC63}.Release|x86.ActiveCfg = Release|Any CPU
		{3FC96C2E-E6D2-7343-B152-8519AF39DC63}.Release|x86.Build.0 = Release|Any CPU
		{EC111111-EC22-EC33-EC44-EC5555555555}.Debug|Any CPU.ActiveCfg = Debug|Any CPU
		{EC111111-EC22-EC33-EC44-EC5555555555}.Debug|Any CPU.Build.0 = Debug|Any CPU
		{EC111111-EC22-EC33-EC44-EC5555555555}.Debug|x64.ActiveCfg = Debug|Any CPU
		{EC111111-EC22-EC33-EC44-EC5555555555}.Debug|x64.Build.0 = Debug|Any CPU
		{EC111111-EC22-EC33-EC44-EC5555555555}.Debug|x86.ActiveCfg = Debug|Any CPU
		{EC111111-EC22-EC33-EC44-EC5555555555}.Debug|x86.Build.0 = Debug|Any CPU
		{EC111111-EC22-EC33-EC44-EC5555555555}.Release|Any CPU.ActiveCfg = Release|Any CPU
		{EC111111-EC22-EC33-EC44-EC5555555555}.Release|Any CPU.Build.0 = Release|Any CPU
		{EC111111-EC22-EC33-EC44-EC5555555555}.Release|x64.ActiveCfg = Release|Any CPU
		{EC111111-EC22-EC33-EC44-EC5555555555}.Release|x64.Build.0 = Release|Any CPU
		{EC111111-EC22-EC33-EC44-EC5555555555}.Release|x86.ActiveCfg = Release|Any CPU
		{EC111111-EC22-EC33-EC44-EC5555555555}.Release|x86.Build.0 = Release|Any CPU
		{C85DD199-D235-4A56-B843-4D4E4FB95C25}.Debug|Any CPU.ActiveCfg = Debug|Any CPU
		{C85DD199-D235-4A56-B843-4D4E4FB95C25}.Debug|Any CPU.Build.0 = Debug|Any CPU
		{C85DD199-D235-4A56-B843-4D4E4FB95C25}.Debug|x64.ActiveCfg = Debug|Any CPU
		{C85DD199-D235-4A56-B843-4D4E4FB95C25}.Debug|x64.Build.0 = Debug|Any CPU
		{C85DD199-D235-4A56-B843-4D4E4FB95C25}.Debug|x86.ActiveCfg = Debug|Any CPU
		{C85DD199-D235-4A56-B843-4D4E4FB95C25}.Debug|x86.Build.0 = Debug|Any CPU
		{C85DD199-D235-4A56-B843-4D4E4FB95C25}.Release|Any CPU.ActiveCfg = Release|Any CPU
		{C85DD199-D235-4A56-B843-4D4E4FB95C25}.Release|Any CPU.Build.0 = Release|Any CPU
		{C85DD199-D235-4A56-B843-4D4E4FB95C25}.Release|x64.ActiveCfg = Release|Any CPU
		{C85DD199-D235-4A56-B843-4D4E4FB95C25}.Release|x64.Build.0 = Release|Any CPU
		{C85DD199-D235-4A56-B843-4D4E4FB95C25}.Release|x86.ActiveCfg = Release|Any CPU
		{C85DD199-D235-4A56-B843-4D4E4FB95C25}.Release|x86.Build.0 = Release|Any CPU
		{13932014-2EB9-436E-B633-DB5FB00750A6}.Debug|Any CPU.ActiveCfg = Debug|Any CPU
		{13932014-2EB9-436E-B633-DB5FB00750A6}.Debug|Any CPU.Build.0 = Debug|Any CPU
		{13932014-2EB9-436E-B633-DB5FB00750A6}.Debug|x64.ActiveCfg = Debug|Any CPU
		{13932014-2EB9-436E-B633-DB5FB00750A6}.Debug|x64.Build.0 = Debug|Any CPU
		{13932014-2EB9-436E-B633-DB5FB00750A6}.Debug|x86.ActiveCfg = Debug|Any CPU
		{13932014-2EB9-436E-B633-DB5FB00750A6}.Debug|x86.Build.0 = Debug|Any CPU
		{13932014-2EB9-436E-B633-DB5FB00750A6}.Release|Any CPU.ActiveCfg = Release|Any CPU
		{13932014-2EB9-436E-B633-DB5FB00750A6}.Release|Any CPU.Build.0 = Release|Any CPU
		{13932014-2EB9-436E-B633-DB5FB00750A6}.Release|x64.ActiveCfg = Release|Any CPU
		{13932014-2EB9-436E-B633-DB5FB00750A6}.Release|x64.Build.0 = Release|Any CPU
		{13932014-2EB9-436E-B633-DB5FB00750A6}.Release|x86.ActiveCfg = Release|Any CPU
		{13932014-2EB9-436E-B633-DB5FB00750A6}.Release|x86.Build.0 = Release|Any CPU
		{E766C057-B114-4591-B47D-B123735B76D1}.Debug|Any CPU.ActiveCfg = Debug|Any CPU
		{E766C057-B114-4591-B47D-B123735B76D1}.Debug|Any CPU.Build.0 = Debug|Any CPU
		{E766C057-B114-4591-B47D-B123735B76D1}.Debug|x64.ActiveCfg = Debug|Any CPU
		{E766C057-B114-4591-B47D-B123735B76D1}.Debug|x64.Build.0 = Debug|Any CPU
		{E766C057-B114-4591-B47D-B123735B76D1}.Debug|x86.ActiveCfg = Debug|Any CPU
		{E766C057-B114-4591-B47D-B123735B76D1}.Debug|x86.Build.0 = Debug|Any CPU
		{E766C057-B114-4591-B47D-B123735B76D1}.Release|Any CPU.ActiveCfg = Release|Any CPU
		{E766C057-B114-4591-B47D-B123735B76D1}.Release|Any CPU.Build.0 = Release|Any CPU
		{E766C057-B114-4591-B47D-B123735B76D1}.Release|x64.ActiveCfg = Release|Any CPU
		{E766C057-B114-4591-B47D-B123735B76D1}.Release|x64.Build.0 = Release|Any CPU
		{E766C057-B114-4591-B47D-B123735B76D1}.Release|x86.ActiveCfg = Release|Any CPU
		{E766C057-B114-4591-B47D-B123735B76D1}.Release|x86.Build.0 = Release|Any CPU
		{9480ED43-61B5-48BA-98D2-4F7DEC6FB791}.Debug|Any CPU.ActiveCfg = Debug|Any CPU
		{9480ED43-61B5-48BA-98D2-4F7DEC6FB791}.Debug|Any CPU.Build.0 = Debug|Any CPU
		{9480ED43-61B5-48BA-98D2-4F7DEC6FB791}.Debug|x64.ActiveCfg = Debug|Any CPU
		{9480ED43-61B5-48BA-98D2-4F7DEC6FB791}.Debug|x64.Build.0 = Debug|Any CPU
		{9480ED43-61B5-48BA-98D2-4F7DEC6FB791}.Debug|x86.ActiveCfg = Debug|Any CPU
		{9480ED43-61B5-48BA-98D2-4F7DEC6FB791}.Debug|x86.Build.0 = Debug|Any CPU
		{9480ED43-61B5-48BA-98D2-4F7DEC6FB791}.Release|Any CPU.ActiveCfg = Release|Any CPU
		{9480ED43-61B5-48BA-98D2-4F7DEC6FB791}.Release|Any CPU.Build.0 = Release|Any CPU
		{9480ED43-61B5-48BA-98D2-4F7DEC6FB791}.Release|x64.ActiveCfg = Release|Any CPU
		{9480ED43-61B5-48BA-98D2-4F7DEC6FB791}.Release|x64.Build.0 = Release|Any CPU
		{9480ED43-61B5-48BA-98D2-4F7DEC6FB791}.Release|x86.ActiveCfg = Release|Any CPU
		{9480ED43-61B5-48BA-98D2-4F7DEC6FB791}.Release|x86.Build.0 = Release|Any CPU
		{13845520-6903-462C-AEBC-E88F93FEB122}.Debug|Any CPU.ActiveCfg = Debug|Any CPU
		{13845520-6903-462C-AEBC-E88F93FEB122}.Debug|Any CPU.Build.0 = Debug|Any CPU
		{13845520-6903-462C-AEBC-E88F93FEB122}.Debug|x64.ActiveCfg = Debug|Any CPU
		{13845520-6903-462C-AEBC-E88F93FEB122}.Debug|x64.Build.0 = Debug|Any CPU
		{13845520-6903-462C-AEBC-E88F93FEB122}.Debug|x86.ActiveCfg = Debug|Any CPU
		{13845520-6903-462C-AEBC-E88F93FEB122}.Debug|x86.Build.0 = Debug|Any CPU
		{13845520-6903-462C-AEBC-E88F93FEB122}.Release|Any CPU.ActiveCfg = Release|Any CPU
		{13845520-6903-462C-AEBC-E88F93FEB122}.Release|Any CPU.Build.0 = Release|Any CPU
		{13845520-6903-462C-AEBC-E88F93FEB122}.Release|x64.ActiveCfg = Release|Any CPU
		{13845520-6903-462C-AEBC-E88F93FEB122}.Release|x64.Build.0 = Release|Any CPU
		{13845520-6903-462C-AEBC-E88F93FEB122}.Release|x86.ActiveCfg = Release|Any CPU
		{13845520-6903-462C-AEBC-E88F93FEB122}.Release|x86.Build.0 = Release|Any CPU
	EndGlobalSection
	GlobalSection(SolutionProperties) = preSolution
		HideSolutionNode = FALSE
	EndGlobalSection
	GlobalSection(NestedProjects) = preSolution
		{A1111111-B222-C333-D444-E55555555555} = {E1111111-F222-0333-1444-255555555555}
		{BA000001-BB11-BC22-BD33-BE4444444444} = {E1111111-F222-0333-1444-255555555555}
		{E766C057-B114-4591-B47D-B123735B76D1} = {E1111111-F222-0333-1444-255555555555}
		{9480ED43-61B5-48BA-98D2-4F7DEC6FB791} = {E1111111-F222-0333-1444-255555555555}
		{13845520-6903-462C-AEBC-E88F93FEB122} = {E1111111-F222-0333-1444-255555555555}
	EndGlobalSection
EndGlobal
